<?xml version="1.0" encoding="utf-8"?>
<Project ToolsVersion="4.0" xmlns="http://schemas.microsoft.com/developer/msbuild/2003">
  <ItemGroup>
    <Filter Include="Source">
      <UniqueIdentifier>{e3f0ddd4-6f5c-4978-8785-c454005b1637}</UniqueIdentifier>
    </Filter>
    <Filter Include="Include">
      <UniqueIdentifier>{df3b8aa1-2234-4935-a667-192efd050cff}</UniqueIdentifier>
    </Filter>
  </ItemGroup>
  <ItemGroup>
    <ClInclude Include="UDPServer.h">
      <Filter>Include</Filter>
    </ClInclude>
    <ClInclude Include="Config.h" />
    <ClInclude Include="SKYStreamServerFactory.h">
      <Filter>Include</Filter>
    </ClInclude>
    <ClInclude Include="..\include\ISKYStreamSession.h">
      <Filter>Include</Filter>
    </ClInclude>
    <ClInclude Include="UDPServerSession.h">
      <Filter>Include</Filter>
    </ClInclude>
    <ClInclude Include="..\include\ISKYStreamServer.h">
      <Filter>Include</Filter>
    </ClInclude>
  </ItemGroup>
  <ItemGroup>
    <ClCompile Include="UDPServer.cpp">
      <Filter>Source</Filter>
    </ClCompile>
    <ClCompile Include="SKYStreamServerFactory.cpp">
      <Filter>Source</Filter>
    </ClCompile>
    <ClCompile Include="ITUdpServer.cpp">
      <Filter>Source</Filter>
    </ClCompile>
    <ClCompile Include="UDPServerSession.cpp">
      <Filter>Source</Filter>
    </ClCompile>
  </ItemGroup>
  <ItemGroup>
    <Text Include="CMakeLists.txt" />
  </ItemGroup>
  <ItemGroup>
    <None Include="Config.h.in" />
    <None Include="ShellScript" />
  </ItemGroup>
</Project>